// !$*UTF8*$!
{
	archiveVersion = 1;
	classes = {
	};
	objectVersion = 56;
	objects = {

/* Begin PBXBuildFile section */
		001000000000000000000001 /* GymTrackerApp.swift in Sources */ = {isa = PBXBuildFile; fileRef = 002000000000000000000001 /* GymTrackerApp.swift */; };
		001000000000000000000002 /* RootTabView.swift in Sources */ = {isa = PBXBuildFile; fileRef = 002000000000000000000002 /* RootTabView.swift */; };
		001000000000000000000003 /* Enums.swift in Sources */ = {isa = PBXBuildFile; fileRef = 002000000000000000000003 /* Enums.swift */; };
		001000000000000000000004 /* UserProfile.swift in Sources */ = {isa = PBXBuildFile; fileRef = 002000000000000000000004 /* UserProfile.swift */; };
		001000000000000000000005 /* TrainingSplit.swift in Sources */ = {isa = PBXBuildFile; fileRef = 002000000000000000000005 /* TrainingSplit.swift */; };
		001000000000000000000006 /* Exercise.swift in Sources */ = {isa = PBXBuildFile; fileRef = 002000000000000000000006 /* Exercise.swift */; };
		001000000000000000000007 /* WorkoutSession.swift in Sources */ = {isa = PBXBuildFile; fileRef = 002000000000000000000007 /* WorkoutSession.swift */; };
		001000000000000000000008 /* ExerciseLog.swift in Sources */ = {isa = PBXBuildFile; fileRef = 002000000000000000000008 /* ExerciseLog.swift */; };
		001000000000000000000009 /* SetLog.swift in Sources */ = {isa = PBXBuildFile; fileRef = 002000000000000000000009 /* SetLog.swift */; };
		00100000000000000000000A /* Recommendation.swift in Sources */ = {isa = PBXBuildFile; fileRef = 00200000000000000000000A /* Recommendation.swift */; };
		00100000000000000000000B /* BodyweightLog.swift in Sources */ = {isa = PBXBuildFile; fileRef = 00200000000000000000000B /* BodyweightLog.swift */; };
		00100000000000000000000C /* SeedDataService.swift in Sources */ = {isa = PBXBuildFile; fileRef = 00200000000000000000000C /* SeedDataService.swift */; };
		00100000000000000000000D /* MetricPill.swift in Sources */ = {isa = PBXBuildFile; fileRef = 00200000000000000000000D /* MetricPill.swift */; };
		00100000000000000000000E /* TodayView.swift in Sources */ = {isa = PBXBuildFile; fileRef = 00200000000000000000000E /* TodayView.swift */; };
		00100000000000000000000F /* StartWorkoutView.swift in Sources */ = {isa = PBXBuildFile; fileRef = 00200000000000000000000F /* StartWorkoutView.swift */; };
		001000000000000000000010 /* SplitsView.swift in Sources */ = {isa = PBXBuildFile; fileRef = 002000000000000000000010 /* SplitsView.swift */; };
		001000000000000000000011 /* ProgressView.swift in Sources */ = {isa = PBXBuildFile; fileRef = 002000000000000000000011 /* ProgressView.swift */; };
		001000000000000000000012 /* CoachView.swift in Sources */ = {isa = PBXBuildFile; fileRef = 002000000000000000000012 /* CoachView.swift */; };
		001000000000000000000013 /* SettingsView.swift in Sources */ = {isa = PBXBuildFile; fileRef = 002000000000000000000013 /* SettingsView.swift */; };
		001000000000000000000014 /* WorkoutLoggerView.swift in Sources */ = {isa = PBXBuildFile; fileRef = 002000000000000000000015 /* WorkoutLoggerView.swift */; };
		001000000000000000000015 /* HistoryView.swift in Sources */ = {isa = PBXBuildFile; fileRef = 002000000000000000000016 /* HistoryView.swift */; };
/* End PBXBuildFile section */

/* Begin PBXFileReference section */
		002000000000000000000001 /* GymTrackerApp.swift */ = {isa = PBXFileReference; lastKnownFileType = sourcecode.swift; path = GymTrackerApp.swift; sourceTree = "<group>"; };
		002000000000000000000002 /* RootTabView.swift */ = {isa = PBXFileReference; lastKnownFileType = sourcecode.swift; path = RootTabView.swift; sourceTree = "<group>"; };
		002000000000000000000003 /* Enums.swift */ = {isa = PBXFileReference; lastKnownFileType = sourcecode.swift; path = Enums.swift; sourceTree = "<group>"; };
		002000000000000000000004 /* UserProfile.swift */ = {isa = PBXFileReference; lastKnownFileType = sourcecode.swift; path = UserProfile.swift; sourceTree = "<group>"; };
		002000000000000000000005 /* TrainingSplit.swift */ = {isa = PBXFileReference; lastKnownFileType = sourcecode.swift; path = TrainingSplit.swift; sourceTree = "<group>"; };
		002000000000000000000006 /* Exercise.swift */ = {isa = PBXFileReference; lastKnownFileType = sourcecode.swift; path = Exercise.swift; sourceTree = "<group>"; };
		002000000000000000000007 /* WorkoutSession.swift */ = {isa = PBXFileReference; lastKnownFileType = sourcecode.swift; path = WorkoutSession.swift; sourceTree = "<group>"; };
		002000000000000000000008 /* ExerciseLog.swift */ = {isa = PBXFileReference; lastKnownFileType = sourcecode.swift; path = ExerciseLog.swift; sourceTree = "<group>"; };
		002000000000000000000009 /* SetLog.swift */ = {isa = PBXFileReference; lastKnownFileType = sourcecode.swift; path = SetLog.swift; sourceTree = "<group>"; };
		00200000000000000000000A /* Recommendation.swift */ = {isa = PBXFileReference; lastKnownFileType = sourcecode.swift; path = Recommendation.swift; sourceTree = "<group>"; };
		00200000000000000000000B /* BodyweightLog.swift */ = {isa = PBXFileReference; lastKnownFileType = sourcecode.swift; path = BodyweightLog.swift; sourceTree = "<group>"; };
		00200000000000000000000C /* SeedDataService.swift */ = {isa = PBXFileReference; lastKnownFileType = sourcecode.swift; path = SeedDataService.swift; sourceTree = "<group>"; };
		00200000000000000000000D /* MetricPill.swift */ = {isa = PBXFileReference; lastKnownFileType = sourcecode.swift; path = MetricPill.swift; sourceTree = "<group>"; };
		00200000000000000000000E /* TodayView.swift */ = {isa = PBXFileReference; lastKnownFileType = sourcecode.swift; path = TodayView.swift; sourceTree = "<group>"; };
		00200000000000000000000F /* StartWorkoutView.swift */ = {isa = PBXFileReference; lastKnownFileType = sourcecode.swift; path = StartWorkoutView.swift; sourceTree = "<group>"; };
		002000000000000000000010 /* SplitsView.swift */ = {isa = PBXFileReference; lastKnownFileType = sourcecode.swift; path = SplitsView.swift; sourceTree = "<group>"; };
		002000000000000000000011 /* ProgressView.swift */ = {isa = PBXFileReference; lastKnownFileType = sourcecode.swift; path = ProgressView.swift; sourceTree = "<group>"; };
		002000000000000000000012 /* CoachView.swift */ = {isa = PBXFileReference; lastKnownFileType = sourcecode.swift; path = CoachView.swift; sourceTree = "<group>"; };
		002000000000000000000013 /* SettingsView.swift */ = {isa = PBXFileReference; lastKnownFileType = sourcecode.swift; path = SettingsView.swift; sourceTree = "<group>"; };
		002000000000000000000014 /* GymTracker.app */ = {isa = PBXFileReference; explicitFileType = wrapper.application; includeInIndex = 0; path = GymTracker.app; sourceTree = BUILT_PRODUCTS_DIR; };
		002000000000000000000015 /* WorkoutLoggerView.swift */ = {isa = PBXFileReference; lastKnownFileType = sourcecode.swift; path = WorkoutLoggerView.swift; sourceTree = "<group>"; };
		002000000000000000000016 /* HistoryView.swift */ = {isa = PBXFileReference; lastKnownFileType = sourcecode.swift; path = HistoryView.swift; sourceTree = "<group>"; };
/* End PBXFileReference section */

/* Begin PBXFrameworksBuildPhase section */
		003000000000000000000001 /* Frameworks */ = {
			isa = PBXFrameworksBuildPhase;
			buildActionMask = 2147483647;
			files = (
			);
			runOnlyForDeploymentPostprocessing = 0;
		};
/* End PBXFrameworksBuildPhase section */

/* Begin PBXGroup section */
		004000000000000000000001 = {
			isa = PBXGroup;
			children = (
				004000000000000000000002 /* GymTracker */,
				004000000000000000000012 /* Products */,
			);
			sourceTree = "<group>";
		};
		004000000000000000000002 /* GymTracker */ = {
			isa = PBXGroup;
			children = (
				004000000000000000000003 /* App */,
				004000000000000000000004 /* Models */,
				004000000000000000000005 /* Views */,
				004000000000000000000010 /* ViewModels */,
				004000000000000000000011 /* Services */,
				004000000000000000000013 /* Utilities */,
			);
			path = GymTracker;
			sourceTree = "<group>";
		};
		004000000000000000000003 /* App */ = {
			isa = PBXGroup;
			children = (
				002000000000000000000001 /* GymTrackerApp.swift */,
				002000000000000000000002 /* RootTabView.swift */,
			);
			path = App;
			sourceTree = "<group>";
		};
		004000000000000000000004 /* Models */ = {
			isa = PBXGroup;
			children = (
				002000000000000000000003 /* Enums.swift */,
				002000000000000000000004 /* UserProfile.swift */,
				002000000000000000000005 /* TrainingSplit.swift */,
				002000000000000000000006 /* Exercise.swift */,
				002000000000000000000007 /* WorkoutSession.swift */,
				002000000000000000000008 /* ExerciseLog.swift */,
				002000000000000000000009 /* SetLog.swift */,
				00200000000000000000000A /* Recommendation.swift */,
				00200000000000000000000B /* BodyweightLog.swift */,
			);
			path = Models;
			sourceTree = "<group>";
		};
		004000000000000000000005 /* Views */ = {
			isa = PBXGroup;
			children = (
				004000000000000000000014 /* Shared */,
				004000000000000000000006 /* Today */,
				004000000000000000000007 /* Workout */,
				004000000000000000000008 /* Splits */,
				004000000000000000000015 /* History */,
				004000000000000000000009 /* Progress */,
				00400000000000000000000A /* Coach */,
				00400000000000000000000B /* Settings */,
			);
			path = Views;
			sourceTree = "<group>";
		};
		004000000000000000000006 /* Today */ = {
			isa = PBXGroup;
			children = (
				00200000000000000000000E /* TodayView.swift */,
			);
			path = Today;
			sourceTree = "<group>";
		};
		004000000000000000000007 /* Workout */ = {
			isa = PBXGroup;
			children = (
				00200000000000000000000F /* StartWorkoutView.swift */,
				002000000000000000000015 /* WorkoutLoggerView.swift */,
			);
			path = Workout;
			sourceTree = "<group>";
		};
		004000000000000000000008 /* Splits */ = {
			isa = PBXGroup;
			children = (
				002000000000000000000010 /* SplitsView.swift */,
			);
			path = Splits;
			sourceTree = "<group>";
		};
		004000000000000000000009 /* Progress */ = {
			isa = PBXGroup;
			children = (
				002000000000000000000011 /* ProgressView.swift */,
			);
			path = Progress;
			sourceTree = "<group>";
		};
		00400000000000000000000A /* Coach */ = {
			isa = PBXGroup;
			children = (
				002000000000000000000012 /* CoachView.swift */,
			);
			path = Coach;
			sourceTree = "<group>";
		};
		00400000000000000000000B /* Settings */ = {
			isa = PBXGroup;
			children = (
				002000000000000000000013 /* SettingsView.swift */,
			);
			path = Settings;
			sourceTree = "<group>";
		};
		004000000000000000000010 /* ViewModels */ = {
			isa = PBXGroup;
			children = (
			);
			path = ViewModels;
			sourceTree = "<group>";
		};
		004000000000000000000011 /* Services */ = {
			isa = PBXGroup;
			children = (
				00200000000000000000000C /* SeedDataService.swift */,
			);
			path = Services;
			sourceTree = "<group>";
		};
		004000000000000000000012 /* Products */ = {
			isa = PBXGroup;
			children = (
				002000000000000000000014 /* GymTracker.app */,
			);
			name = Products;
			sourceTree = "<group>";
		};
		004000000000000000000013 /* Utilities */ = {
			isa = PBXGroup;
			children = (
			);
			path = Utilities;
			sourceTree = "<group>";
		};
		004000000000000000000014 /* Shared */ = {
			isa = PBXGroup;
			children = (
				00200000000000000000000D /* MetricPill.swift */,
			);
			path = Shared;
			sourceTree = "<group>";
		};
		004000000000000000000015 /* History */ = {
			isa = PBXGroup;
			children = (
				002000000000000000000016 /* HistoryView.swift */,
			);
			path = History;
			sourceTree = "<group>";
		};
/* End PBXGroup section */

/* Begin PBXNativeTarget section */
		005000000000000000000001 /* GymTracker */ = {
			isa = PBXNativeTarget;
			buildConfigurationList = 009000000000000000000002 /* Build configuration list for PBXNativeTarget "GymTracker" */;
			buildPhases = (
				006000000000000000000001 /* Sources */,
				003000000000000000000001 /* Frameworks */,
				006000000000000000000002 /* Resources */,
			);
			buildRules = (
			);
			dependencies = (
			);
			name = GymTracker;
			productName = GymTracker;
			productReference = 002000000000000000000014 /* GymTracker.app */;
			productType = "com.apple.product-type.application";
		};
/* End PBXNativeTarget section */

/* Begin PBXProject section */
		007000000000000000000001 /* Project object */ = {
			isa = PBXProject;
			attributes = {
				BuildIndependentTargetsInParallel = 1;
				LastSwiftUpdateCheck = 1600;
				LastUpgradeCheck = 1600;
				TargetAttributes = {
					005000000000000000000001 = {
						CreatedOnToolsVersion = 16.0;
					};
				};
			};
			buildConfigurationList = 009000000000000000000001 /* Build configuration list for PBXProject "GymTracker" */;
			compatibilityVersion = "Xcode 14.0";
			developmentRegion = en;
			hasScannedForEncodings = 0;
			knownRegions = (
				en,
				Base,
			);
			mainGroup = 004000000000000000000001;
			productRefGroup = 004000000000000000000012 /* Products */;
			projectDirPath = "";
			projectRoot = "";
			targets = (
				005000000000000000000001 /* GymTracker */,
			);
		};
/* End PBXProject section */

/* Begin PBXResourcesBuildPhase section */
		006000000000000000000002 /* Resources */ = {
			isa = PBXResourcesBuildPhase;
			buildActionMask = 2147483647;
			files = (
			);
			runOnlyForDeploymentPostprocessing = 0;
		};
/* End PBXResourcesBuildPhase section */

/* Begin PBXSourcesBuildPhase section */
		006000000000000000000001 /* Sources */ = {
			isa = PBXSourcesBuildPhase;
			buildActionMask = 2147483647;
			files = (
				001000000000000000000001 /* GymTrackerApp.swift in Sources */,
				001000000000000000000002 /* RootTabView.swift in Sources */,
				001000000000000000000003 /* Enums.swift in Sources */,
				001000000000000000000004 /* UserProfile.swift in Sources */,
				001000000000000000000005 /* TrainingSplit.swift in Sources */,
				001000000000000000000006 /* Exercise.swift in Sources */,
				001000000000000000000007 /* WorkoutSession.swift in Sources */,
				001000000000000000000008 /* ExerciseLog.swift in Sources */,
				001000000000000000000009 /* SetLog.swift in Sources */,
				00100000000000000000000A /* Recommendation.swift in Sources */,
				00100000000000000000000B /* BodyweightLog.swift in Sources */,
				00100000000000000000000C /* SeedDataService.swift in Sources */,
				00100000000000000000000D /* MetricPill.swift in Sources */,
				00100000000000000000000E /* TodayView.swift in Sources */,
				00100000000000000000000F /* StartWorkoutView.swift in Sources */,
				001000000000000000000010 /* SplitsView.swift in Sources */,
				001000000000000000000011 /* ProgressView.swift in Sources */,
				001000000000000000000012 /* CoachView.swift in Sources */,
				001000000000000000000013 /* SettingsView.swift in Sources */,
				001000000000000000000014 /* WorkoutLoggerView.swift in Sources */,
				001000000000000000000015 /* HistoryView.swift in Sources */,
			);
			runOnlyForDeploymentPostprocessing = 0;
		};
/* End PBXSourcesBuildPhase section */

/* Begin XCBuildConfiguration section */
		008000000000000000000001 /* Debug */ = {
			isa = XCBuildConfiguration;
			buildSettings = {
				ALWAYS_SEARCH_USER_PATHS = NO;
				CLANG_ANALYZER_NONNULL = YES;
				CLANG_ANALYZER_NUMBER_OBJECT_CONVERSION = YES_AGGRESSIVE;
				CLANG_CXX_LANGUAGE_STANDARD = "gnu++20";
				CLANG_ENABLE_MODULES = YES;
				CLANG_ENABLE_OBJC_ARC = YES;
				CLANG_ENABLE_OBJC_WEAK = YES;
				CLANG_WARN_BLOCK_CAPTURE_AUTORELEASING = YES;
				CLANG_WARN_BOOL_CONVERSION = YES;
				CLANG_WARN_COMMA = YES;
				CLANG_WARN_CONSTANT_CONVERSION = YES;
				CLANG_WARN_DEPRECATED_OBJC_IMPLEMENTATIONS = YES;
				CLANG_WARN_DIRECT_OBJC_ISA_USAGE = YES_ERROR;
				CLANG_WARN_DOCUMENTATION_COMMENTS = YES;
				CLANG_WARN_EMPTY_BODY = YES;
				CLANG_WARN_ENUM_CONVERSION = YES;
				CLANG_WARN_INFINITE_RECURSION = YES;
				CLANG_WARN_INT_CONVERSION = YES;
				CLANG_WARN_NON_LITERAL_NULL_CONVERSION = YES;
				CLANG_WARN_OBJC_IMPLICIT_RETAIN_SELF = YES;
				CLANG_WARN_OBJC_LITERAL_CONVERSION = YES;
				CLANG_WARN_OBJC_ROOT_CLASS = YES_ERROR;
				CLANG_WARN_QUOTED_INCLUDE_IN_FRAMEWORK_HEADER = YES;
				CLANG_WARN_RANGE_LOOP_ANALYSIS = YES;
				CLANG_WARN_STRICT_PROTOTYPES = YES;
				CLANG_WARN_SUSPICIOUS_MOVE = YES;
				CLANG_WARN_UNGUARDED_AVAILABILITY = YES_AGGRESSIVE;
				CLANG_WARN_UNREACHABLE_CODE = YES;
				CLANG_WARN__DUPLICATE_METHOD_MATCH = YES;
				COPY_PHASE_STRIP = NO;
				DEBUG_INFORMATION_FORMAT = dwarf;
				ENABLE_STRICT_OBJC_MSGSEND = YES;
				ENABLE_TESTABILITY = YES;
				ENABLE_USER_SCRIPT_SANDBOXING = YES;
				GCC_C_LANGUAGE_STANDARD = gnu17;
				GCC_DYNAMIC_NO_PIC = NO;
				GCC_NO_COMMON_BLOCKS = YES;
				GCC_OPTIMIZATION_LEVEL = 0;
				GCC_PREPROCESSOR_DEFINITIONS = (
					"DEBUG=1",
					"$(inherited)",
				);
				GCC_WARN_64_TO_32_BIT_CONVERSION = YES;
				GCC_WARN_ABOUT_RETURN_TYPE = YES_ERROR;
				GCC_WARN_UNDECLARED_SELECTOR = YES;
				GCC_WARN_UNINITIALIZED_AUTOS = YES_AGGRESSIVE;
				GCC_WARN_UNUSED_FUNCTION = YES;
				GCC_WARN_UNUSED_VARIABLE = YES;
				IPHONEOS_DEPLOYMENT_TARGET = 17.0;
				MTL_ENABLE_DEBUG_INFO = INCLUDE_SOURCE;
				MTL_FAST_MATH = YES;
				ONLY_ACTIVE_ARCH = YES;
				SDKROOT = iphoneos;
				SWIFT_ACTIVE_COMPILATION_CONDITIONS = DEBUG;
				SWIFT_OPTIMIZATION_LEVEL = "-Onone";
			};
			name = Debug;
		};
		008000000000000000000002 /* Release */ = {
			isa = XCBuildConfiguration;
			buildSettings = {
				ALWAYS_SEARCH_USER_PATHS = NO;
				CLANG_ANALYZER_NONNULL = YES;
				CLANG_ANALYZER_NUMBER_OBJECT_CONVERSION = YES_AGGRESSIVE;
				CLANG_CXX_LANGUAGE_STANDARD = "gnu++20";
				CLANG_ENABLE_MODULES = YES;
				CLANG_ENABLE_OBJC_ARC = YES;
				CLANG_ENABLE_OBJC_WEAK = YES;
				CLANG_WARN_BLOCK_CAPTURE_AUTORELEASING = YES;
				CLANG_WARN_BOOL_CONVERSION = YES;
				CLANG_WARN_COMMA = YES;
				CLANG_WARN_CONSTANT_CONVERSION = YES;
				CLANG_WARN_DEPRECATED_OBJC_IMPLEMENTATIONS = YES;
				CLANG_WARN_DIRECT_OBJC_ISA_USAGE = YES_ERROR;
				CLANG_WARN_DOCUMENTATION_COMMENTS = YES;
				CLANG_WARN_EMPTY_BODY = YES;
				CLANG_WARN_ENUM_CONVERSION = YES;
				CLANG_WARN_INFINITE_RECURSION = YES;
				CLANG_WARN_INT_CONVERSION = YES;
				CLANG_WARN_NON_LITERAL_NULL_CONVERSION = YES;
				CLANG_WARN_OBJC_IMPLICIT_RETAIN_SELF = YES;
				CLANG_WARN_OBJC_LITERAL_CONVERSION = YES;
				CLANG_WARN_OBJC_ROOT_CLASS = YES_ERROR;
				CLANG_WARN_QUOTED_INCLUDE_IN_FRAMEWORK_HEADER = YES;
				CLANG_WARN_RANGE_LOOP_ANALYSIS = YES;
				CLANG_WARN_STRICT_PROTOTYPES = YES;
				CLANG_WARN_SUSPICIOUS_MOVE = YES;
				CLANG_WARN_UNGUARDED_AVAILABILITY = YES_AGGRESSIVE;
				CLANG_WARN_UNREACHABLE_CODE = YES;
				CLANG_WARN__DUPLICATE_METHOD_MATCH = YES;
				COPY_PHASE_STRIP = NO;
				DEBUG_INFORMATION_FORMAT = "dwarf-with-dsym";
				ENABLE_NS_ASSERTIONS = NO;
				ENABLE_STRICT_OBJC_MSGSEND = YES;
				ENABLE_USER_SCRIPT_SANDBOXING = YES;
				GCC_C_LANGUAGE_STANDARD = gnu17;
				GCC_NO_COMMON_BLOCKS = YES;
				GCC_WARN_64_TO_32_BIT_CONVERSION = YES;
				GCC_WARN_ABOUT_RETURN_TYPE = YES_ERROR;
				GCC_WARN_UNDECLARED_SELECTOR = YES;
				GCC_WARN_UNINITIALIZED_AUTOS = YES_AGGRESSIVE;
				GCC_WARN_UNUSED_FUNCTION = YES;
				GCC_WARN_UNUSED_VARIABLE = YES;
				IPHONEOS_DEPLOYMENT_TARGET = 17.0;
				MTL_ENABLE_DEBUG_INFO = NO;
				MTL_FAST_MATH = YES;
				SDKROOT = iphoneos;
				SWIFT_COMPILATION_MODE = wholemodule;
				VALIDATE_PRODUCT = YES;
			};
			name = Release;
		};
		008000000000000000000003 /* Debug */ = {
			isa = XCBuildConfiguration;
			buildSettings = {
				ASSETCATALOG_COMPILER_APPICON_NAME = AppIcon;
				ASSETCATALOG_COMPILER_GLOBAL_ACCENT_COLOR_NAME = AccentColor;
				CODE_SIGN_STYLE = Automatic;
				CURRENT_PROJECT_VERSION = 1;
				DEVELOPMENT_ASSET_PATHS = "";
				DEVELOPMENT_TEAM = "";
				ENABLE_PREVIEWS = YES;
				GENERATE_INFOPLIST_FILE = YES;
				INFOPLIST_KEY_CFBundleDisplayName = GymTracker;
				INFOPLIST_KEY_LSApplicationCategoryType = "public.app-category.healthcare-fitness";
				INFOPLIST_KEY_UIApplicationSceneManifest_Generation = YES;
				INFOPLIST_KEY_UIApplicationSupportsIndirectInputEvents = YES;
				INFOPLIST_KEY_UILaunchScreen_Generation = YES;
				INFOPLIST_KEY_UISupportedInterfaceOrientations_iPhone = "UIInterfaceOrientationPortrait UIInterfaceOrientationLandscapeLeft UIInterfaceOrientationLandscapeRight";
				IPHONEOS_DEPLOYMENT_TARGET = 17.0;
				LD_RUNPATH_SEARCH_PATHS = (
					"$(inherited)",
					"@executable_path/Frameworks",
				);
				MARKETING_VERSION = 1.0;
				PRODUCT_BUNDLE_IDENTIFIER = com.noel.GymTracker;
				PRODUCT_NAME = "$(TARGET_NAME)";
				SWIFT_EMIT_LOC_STRINGS = YES;
				SWIFT_VERSION = 5.0;
				TARGETED_DEVICE_FAMILY = "1,2";
			};
			name = Debug;
		};
		008000000000000000000004 /* Release */ = {
			isa = XCBuildConfiguration;
			buildSettings = {
				ASSETCATALOG_COMPILER_APPICON_NAME = AppIcon;
				ASSETCATALOG_COMPILER_GLOBAL_ACCENT_COLOR_NAME = AccentColor;
				CODE_SIGN_STYLE = Automatic;
				CURRENT_PROJECT_VERSION = 1;
				DEVELOPMENT_ASSET_PATHS = "";
				DEVELOPMENT_TEAM = "";
				ENABLE_PREVIEWS = YES;
				GENERATE_INFOPLIST_FILE = YES;
				INFOPLIST_KEY_CFBundleDisplayName = GymTracker;
				INFOPLIST_KEY_LSApplicationCategoryType = "public.app-category.healthcare-fitness";
				INFOPLIST_KEY_UIApplicationSceneManifest_Generation = YES;
				INFOPLIST_KEY_UIApplicationSupportsIndirectInputEvents = YES;
				INFOPLIST_KEY_UILaunchScreen_Generation = YES;
				INFOPLIST_KEY_UISupportedInterfaceOrientations_iPhone = "UIInterfaceOrientationPortrait UIInterfaceOrientationLandscapeLeft UIInterfaceOrientationLandscapeRight";
				IPHONEOS_DEPLOYMENT_TARGET = 17.0;
				LD_RUNPATH_SEARCH_PATHS = (
					"$(inherited)",
					"@executable_path/Frameworks",
				);
				MARKETING_VERSION = 1.0;
				PRODUCT_BUNDLE_IDENTIFIER = com.noel.GymTracker;
				PRODUCT_NAME = "$(TARGET_NAME)";
				SWIFT_EMIT_LOC_STRINGS = YES;
				SWIFT_VERSION = 5.0;
				TARGETED_DEVICE_FAMILY = "1,2";
			};
			name = Release;
		};
/* End XCBuildConfiguration section */

/* Begin XCConfigurationList section */
		009000000000000000000001 /* Build configuration list for PBXProject "GymTracker" */ = {
			isa = XCConfigurationList;
			buildConfigurations = (
				008000000000000000000001 /* Debug */,
				008000000000000000000002 /* Release */,
			);
			defaultConfigurationIsVisible = 0;
			defaultConfigurationName = Release;
		};
		009000000000000000000002 /* Build configuration list for PBXNativeTarget "GymTracker" */ = {
			isa = XCConfigurationList;
			buildConfigurations = (
				008000000000000000000003 /* Debug */,
				008000000000000000000004 /* Release */,
			);
			defaultConfigurationIsVisible = 0;
			defaultConfigurationName = Release;
		};
/* End XCConfigurationList section */
	};
	rootObject = 007000000000000000000001 /* Project object */;
}
